
Microsoft Visual Studio Solution File, Format Version 12.00
# Visual Studio Version 17
VisualStudioVersion = 17.3.32819.101
MinimumVisualStudioVersion = 10.0.40219.1
Project("{2150E333-8FDC-42A3-9474-1A3956D46DE8}") = "src", "src", "{022B01B0-47D1-4B3A-A396-9CED91CA5192}"
EndProject
Project("{2150E333-8FDC-42A3-9474-1A3956D46DE8}") = "blocks", "blocks", "{0A06282A-EFB1-48A6-88D2-F93DBDB5C700}"
EndProject
Project("{2150E333-8FDC-42A3-9474-1A3956D46DE8}") = "services", "services", "{E8BDEC30-D3D5-47AB-B11D-45CD3527745E}"
EndProject
Project("{2150E333-8FDC-42A3-9474-1A3956D46DE8}") = "web", "web", "{97B2EB63-886F-4A05-B51A-616D012EF749}"
EndProject
Project("{2150E333-8FDC-42A3-9474-1A3956D46DE8}") = "identidade", "identidade", "{A27B954D-E7EA-452C-9E74-4B31891C302E}"
EndProject
Project("{FAE04EC0-301F-11D3-BF4B-00C04F79EFBC}") = "Ecomerce.Identidade.API", "src\services\Ecomerce.Identidade.API\Ecomerce.Identidade.API.csproj", "{E0462937-A769-496D-998F-279C7DBA0667}"
EndProject
Project("{2150E333-8FDC-42A3-9474-1A3956D46DE8}") = "MVC", "MVC", "{D448C483-1B6B-458A-85B0-705CB23D8DA9}"
EndProject
Project("{FAE04EC0-301F-11D3-BF4B-00C04F79EFBC}") = "Ecomerce.Loja.MVC", "src\web\Ecomerce.Loja.MVC\Ecomerce.Loja.MVC.csproj", "{2B49EFA1-590E-488B-91F3-879FC41758CC}"
EndProject
Project("{2150E333-8FDC-42A3-9474-1A3956D46DE8}") = "core", "core", "{2456053A-C157-470E-A710-88DE81FE1F2A}"
EndProject
Project("{FAE04EC0-301F-11D3-BF4B-00C04F79EFBC}") = "Ecomerce.Core", "src\blocks\Ecomerce.Core\Ecomerce.Core.csproj", "{8252E7C4-37D7-4B1D-ABF4-093C034C6003}"
EndProject
Global
	GlobalSection(SolutionConfigurationPlatforms) = preSolution
		Debug|Any CPU = Debug|Any CPU
		Release|Any CPU = Release|Any CPU
	EndGlobalSection
	GlobalSection(ProjectConfigurationPlatforms) = postSolution
		{E0462937-A769-496D-998F-279C7DBA0667}.Debug|Any CPU.ActiveCfg = Debug|Any CPU
		{E0462937-A769-496D-998F-279C7DBA0667}.Debug|Any CPU.Build.0 = Debug|Any CPU
		{E0462937-A769-496D-998F-279C7DBA0667}.Release|Any CPU.ActiveCfg = Release|Any CPU
		{E0462937-A769-496D-998F-279C7DBA0667}.Release|Any CPU.Build.0 = Release|Any CPU
		{2B49EFA1-590E-488B-91F3-879FC41758CC}.Debug|Any CPU.ActiveCfg = Debug|Any CPU
		{2B49EFA1-590E-488B-91F3-879FC41758CC}.Debug|Any CPU.Build.0 = Debug|Any CPU
		{2B49EFA1-590E-488B-91F3-879FC41758CC}.Release|Any CPU.ActiveCfg = Release|Any CPU
		{2B49EFA1-590E-488B-91F3-879FC41758CC}.Release|Any CPU.Build.0 = Release|Any CPU
		{8252E7C4-37D7-4B1D-ABF4-093C034C6003}.Debug|Any CPU.ActiveCfg = Debug|Any CPU
		{8252E7C4-37D7-4B1D-ABF4-093C034C6003}.Debug|Any CPU.Build.0 = Debug|Any CPU
		{8252E7C4-37D7-4B1D-ABF4-093C034C6003}.Release|Any CPU.ActiveCfg = Release|Any CPU
		{8252E7C4-37D7-4B1D-ABF4-093C034C6003}.Release|Any CPU.Build.0 = Release|Any CPU
	EndGlobalSection
	GlobalSection(SolutionProperties) = preSolution
		HideSolutionNode = FALSE
	EndGlobalSection
	GlobalSection(NestedProjects) = preSolution
		{0A06282A-EFB1-48A6-88D2-F93DBDB5C700} = {022B01B0-47D1-4B3A-A396-9CED91CA5192}
		{E8BDEC30-D3D5-47AB-B11D-45CD3527745E} = {022B01B0-47D1-4B3A-A396-9CED91CA5192}
		{97B2EB63-886F-4A05-B51A-616D012EF749} = {022B01B0-47D1-4B3A-A396-9CED91CA5192}
		{A27B954D-E7EA-452C-9E74-4B31891C302E} = {E8BDEC30-D3D5-47AB-B11D-45CD3527745E}
		{E0462937-A769-496D-998F-279C7DBA0667} = {A27B954D-E7EA-452C-9E74-4B31891C302E}
		{D448C483-1B6B-458A-85B0-705CB23D8DA9} = {97B2EB63-886F-4A05-B51A-616D012EF749}
		{2B49EFA1-590E-488B-91F3-879FC41758CC} = {D448C483-1B6B-458A-85B0-705CB23D8DA9}
		{2456053A-C157-470E-A710-88DE81FE1F2A} = {0A06282A-EFB1-48A6-88D2-F93DBDB5C700}
		{8252E7C4-37D7-4B1D-ABF4-093C034C6003} = {2456053A-C157-470E-A710-88DE81FE1F2A}
	EndGlobalSection
	GlobalSection(ExtensibilityGlobals) = postSolution
		SolutionGuid = {04CF7CE2-EAA0-4DFD-8AC1-F02A19316117}
	EndGlobalSection
EndGlobal
